
Microsoft Visual Studio Solution File, Format Version 12.00
# Visual Studio 15
VisualStudioVersion = 15.0.28307.329
MinimumVisualStudioVersion = 10.0.40219.1
Project("{FAE04EC0-301F-11D3-BF4B-00C04F79EFBC}") = "State", "StateAndStrategyHomework\State.csproj", "{1B78CB61-5FAE-4BA2-A04F-CE0C16780F9A}"
EndProject
Project("{FAE04EC0-301F-11D3-BF4B-00C04F79EFBC}") = "Strategy", "Strategy\Strategy.csproj", "{97E1A95C-C155-487E-8160-F63D292931A2}"
EndProject
Global
	GlobalSection(SolutionConfigurationPlatforms) = preSolution
		Debug|Any CPU = Debug|Any CPU
		Release|Any CPU = Release|Any CPU
	EndGlobalSection
	GlobalSection(ProjectConfigurationPlatforms) = postSolution
		{1B78CB61-5FAE-4BA2-A04F-CE0C16780F9A}.Debug|Any CPU.ActiveCfg = Debug|Any CPU
		{1B78CB61-5FAE-4BA2-A04F-CE0C16780F9A}.Debug|Any CPU.Build.0 = Debug|Any CPU
		{1B78CB61-5FAE-4BA2-A04F-CE0C16780F9A}.Release|Any CPU.ActiveCfg = Release|Any CPU
		{1B78CB61-5FAE-4BA2-A04F-CE0C16780F9A}.Release|Any CPU.Build.0 = Release|Any CPU
		{97E1A95C-C155-487E-8160-F63D292931A2}.Debug|Any CPU.ActiveCfg = Debug|Any CPU
		{97E1A95C-C155-487E-8160-F63D292931A2}.Debug|Any CPU.Build.0 = Debug|Any CPU
		{97E1A95C-C155-487E-8160-F63D292931A2}.Release|Any CPU.ActiveCfg = Release|Any CPU
		{97E1A95C-C155-487E-8160-F63D292931A2}.Release|Any CPU.Build.0 = Release|Any CPU
	EndGlobalSection
	GlobalSection(SolutionProperties) = preSolution
		HideSolutionNode = FALSE
	EndGlobalSection
	GlobalSection(ExtensibilityGlobals) = postSolution
		SolutionGuid = {72AD5947-BDC4-41E8-8282-B6D21C1CD5C7}
	EndGlobalSection
EndGlobal
